
Microsoft Visual Studio Solution File, Format Version 12.00
# Visual Studio Version 16
VisualStudioVersion = 16.0.30406.217
MinimumVisualStudioVersion = 10.0.40219.1
Project("{FAE04EC0-301F-11D3-BF4B-00C04F79EFBC}") = "DockerTestWeb", "DockerTestWeb\DockerTestWeb.csproj", "{029F1CB4-1037-4A22-85C7-8360F031F587}"
EndProject
Global
	GlobalSection(SolutionConfigurationPlatforms) = preSolution
		Debug|Any CPU = Debug|Any CPU
		Release|Any CPU = Release|Any CPU
	EndGlobalSection
	GlobalSection(ProjectConfigurationPlatforms) = postSolution
		{029F1CB4-1037-4A22-85C7-8360F031F587}.Debug|Any CPU.ActiveCfg = Debug|Any CPU
		{029F1CB4-1037-4A22-85C7-8360F031F587}.Debug|Any CPU.Build.0 = Debug|Any CPU
		{029F1CB4-1037-4A22-85C7-8360F031F587}.Release|Any CPU.ActiveCfg = Release|Any CPU
		{029F1CB4-1037-4A22-85C7-8360F031F587}.Release|Any CPU.Build.0 = Release|Any CPU
	EndGlobalSection
	GlobalSection(SolutionProperties) = preSolution
		HideSolutionNode = FALSE
	EndGlobalSection
	GlobalSection(ExtensibilityGlobals) = postSolution
		SolutionGuid = {BEF003D4-57EC-463C-9E20-3C933DAD3A65}
	EndGlobalSection
EndGlobal
